
Microsoft Visual Studio Solution File, Format Version 12.00
# Visual Studio Version 17
VisualStudioVersion = 17.9.34723.18
MinimumVisualStudioVersion = 10.0.40219.1
Project("{2150E333-8FDC-42A3-9474-1A3956D46DE8}") = "Framework", "Framework", "{6540817E-DD7A-4CE9-BD06-1C24EA487C89}"
EndProject
Project("{9A19103F-16F7-4668-BE54-9A1E7A4F7556}") = "PTC.Domain", "Domain\PTC.Domain.csproj", "{58A412B4-95E6-4C3E-99AD-182E22BD19FB}"
EndProject
Project("{9A19103F-16F7-4668-BE54-9A1E7A4F7556}") = "PTC.Services", "PTC.Services\PTC.Services.csproj", "{93BB22FA-8E95-489E-B634-4DB9B2C99FAA}"
EndProject
Project("{9A19103F-16F7-4668-BE54-9A1E7A4F7556}") = "ProcessTimeCheckerWPF", "ProcessTimeCheckerWPF\ProcessTimeCheckerWPF.csproj", "{844B5257-2142-41E2-92E2-2DB7C3FCDAAC}"
EndProject
Global
	GlobalSection(SolutionConfigurationPlatforms) = preSolution
		Debug|Any CPU = Debug|Any CPU
		Release|Any CPU = Release|Any CPU
	EndGlobalSection
	GlobalSection(ProjectConfigurationPlatforms) = postSolution
		{58A412B4-95E6-4C3E-99AD-182E22BD19FB}.Debug|Any CPU.ActiveCfg = Debug|Any CPU
		{58A412B4-95E6-4C3E-99AD-182E22BD19FB}.Debug|Any CPU.Build.0 = Debug|Any CPU
		{58A412B4-95E6-4C3E-99AD-182E22BD19FB}.Release|Any CPU.ActiveCfg = Release|Any CPU
		{58A412B4-95E6-4C3E-99AD-182E22BD19FB}.Release|Any CPU.Build.0 = Release|Any CPU
		{93BB22FA-8E95-489E-B634-4DB9B2C99FAA}.Debug|Any CPU.ActiveCfg = Debug|Any CPU
		{93BB22FA-8E95-489E-B634-4DB9B2C99FAA}.Debug|Any CPU.Build.0 = Debug|Any CPU
		{93BB22FA-8E95-489E-B634-4DB9B2C99FAA}.Release|Any CPU.ActiveCfg = Release|Any CPU
		{93BB22FA-8E95-489E-B634-4DB9B2C99FAA}.Release|Any CPU.Build.0 = Release|Any CPU
		{844B5257-2142-41E2-92E2-2DB7C3FCDAAC}.Debug|Any CPU.ActiveCfg = Debug|Any CPU
		{844B5257-2142-41E2-92E2-2DB7C3FCDAAC}.Debug|Any CPU.Build.0 = Debug|Any CPU
		{844B5257-2142-41E2-92E2-2DB7C3FCDAAC}.Release|Any CPU.ActiveCfg = Release|Any CPU
		{844B5257-2142-41E2-92E2-2DB7C3FCDAAC}.Release|Any CPU.Build.0 = Release|Any CPU
	EndGlobalSection
	GlobalSection(SolutionProperties) = preSolution
		HideSolutionNode = FALSE
	EndGlobalSection
	GlobalSection(NestedProjects) = preSolution
		{58A412B4-95E6-4C3E-99AD-182E22BD19FB} = {6540817E-DD7A-4CE9-BD06-1C24EA487C89}
		{93BB22FA-8E95-489E-B634-4DB9B2C99FAA} = {6540817E-DD7A-4CE9-BD06-1C24EA487C89}
	EndGlobalSection
	GlobalSection(ExtensibilityGlobals) = postSolution
		SolutionGuid = {CDBD75BD-1375-4DAA-87DA-99FD0C50E1E5}
	EndGlobalSection
EndGlobal
